
Microsoft Visual Studio Solution File, Format Version 12.00
# Visual Studio Version 16
VisualStudioVersion = 16.0.28803.202
MinimumVisualStudioVersion = 10.0.40219.1
Project("{FAE04EC0-301F-11D3-BF4B-00C04F79EFBC}") = "BambuCopy.UWP", "BambuCopy\BambuCopy.UWP\BambuCopy.UWP.csproj", "{0D2A4305-81AB-4650-BFA2-C5A08266584E}"
EndProject
Project("{FAE04EC0-301F-11D3-BF4B-00C04F79EFBC}") = "BambuCopy.Android", "BambuCopy\BambuCopy.Android\BambuCopy.Android.csproj", "{E907C5C7-EE59-46A9-82CF-B520602D6BAC}"
EndProject
Project("{FAE04EC0-301F-11D3-BF4B-00C04F79EFBC}") = "BambuCopy.iOS", "BambuCopy\BambuCopy.iOS\BambuCopy.iOS.csproj", "{3C9C5A32-B28A-4A3E-8DB7-9AD2C2576BB3}"
EndProject
Project("{FAE04EC0-301F-11D3-BF4B-00C04F79EFBC}") = "BambuCopy", "BambuCopy\BambuCopy\BambuCopy.csproj", "{79CD5E3F-7985-4E1A-83EE-059C6264E8FD}"
EndProject
Global
	GlobalSection(SolutionConfigurationPlatforms) = preSolution
		Debug|Any CPU = Debug|Any CPU
		Debug|ARM = Debug|ARM
		Debug|iPhone = Debug|iPhone
		Debug|iPhoneSimulator = Debug|iPhoneSimulator
		Debug|x64 = Debug|x64
		Debug|x86 = Debug|x86
		Release|Any CPU = Release|Any CPU
		Release|ARM = Release|ARM
		Release|iPhone = Release|iPhone
		Release|iPhoneSimulator = Release|iPhoneSimulator
		Release|x64 = Release|x64
		Release|x86 = Release|x86
	EndGlobalSection
	GlobalSection(ProjectConfigurationPlatforms) = postSolution
		{0D2A4305-81AB-4650-BFA2-C5A08266584E}.Debug|Any CPU.ActiveCfg = Debug|x86
		{0D2A4305-81AB-4650-BFA2-C5A08266584E}.Debug|Any CPU.Build.0 = Debug|x86
		{0D2A4305-81AB-4650-BFA2-C5A08266584E}.Debug|Any CPU.Deploy.0 = Debug|x86
		{0D2A4305-81AB-4650-BFA2-C5A08266584E}.Debug|ARM.ActiveCfg = Debug|ARM
		{0D2A4305-81AB-4650-BFA2-C5A08266584E}.Debug|ARM.Build.0 = Debug|ARM
		{0D2A4305-81AB-4650-BFA2-C5A08266584E}.Debug|ARM.Deploy.0 = Debug|ARM
		{0D2A4305-81AB-4650-BFA2-C5A08266584E}.Debug|iPhone.ActiveCfg = Debug|x86
		{0D2A4305-81AB-4650-BFA2-C5A08266584E}.Debug|iPhone.Build.0 = Debug|x86
		{0D2A4305-81AB-4650-BFA2-C5A08266584E}.Debug|iPhone.Deploy.0 = Debug|x86
		{0D2A4305-81AB-4650-BFA2-C5A08266584E}.Debug|iPhoneSimulator.ActiveCfg = Debug|x86
		{0D2A4305-81AB-4650-BFA2-C5A08266584E}.Debug|iPhoneSimulator.Build.0 = Debug|x86
		{0D2A4305-81AB-4650-BFA2-C5A08266584E}.Debug|iPhoneSimulator.Deploy.0 = Debug|x86
		{0D2A4305-81AB-4650-BFA2-C5A08266584E}.Debug|x64.ActiveCfg = Debug|x64
		{0D2A4305-81AB-4650-BFA2-C5A08266584E}.Debug|x64.Build.0 = Debug|x64
		{0D2A4305-81AB-4650-BFA2-C5A08266584E}.Debug|x64.Deploy.0 = Debug|x64
		{0D2A4305-81AB-4650-BFA2-C5A08266584E}.Debug|x86.ActiveCfg = Debug|x86
		{0D2A4305-81AB-4650-BFA2-C5A08266584E}.Debug|x86.Build.0 = Debug|x86
		{0D2A4305-81AB-4650-BFA2-C5A08266584E}.Debug|x86.Deploy.0 = Debug|x86
		{0D2A4305-81AB-4650-BFA2-C5A08266584E}.Release|Any CPU.ActiveCfg = Release|x86
		{0D2A4305-81AB-4650-BFA2-C5A08266584E}.Release|Any CPU.Build.0 = Release|x86
		{0D2A4305-81AB-4650-BFA2-C5A08266584E}.Release|Any CPU.Deploy.0 = Release|x86
		{0D2A4305-81AB-4650-BFA2-C5A08266584E}.Release|ARM.ActiveCfg = Release|ARM
		{0D2A4305-81AB-4650-BFA2-C5A08266584E}.Release|ARM.Build.0 = Release|ARM
		{0D2A4305-81AB-4650-BFA2-C5A08266584E}.Release|ARM.Deploy.0 = Release|ARM
		{0D2A4305-81AB-4650-BFA2-C5A08266584E}.Release|iPhone.ActiveCfg = Release|x86
		{0D2A4305-81AB-4650-BFA2-C5A08266584E}.Release|iPhone.Build.0 = Release|x86
		{0D2A4305-81AB-4650-BFA2-C5A08266584E}.Release|iPhone.Deploy.0 = Release|x86
		{0D2A4305-81AB-4650-BFA2-C5A08266584E}.Release|iPhoneSimulator.ActiveCfg = Release|x86
		{0D2A4305-81AB-4650-BFA2-C5A08266584E}.Release|iPhoneSimulator.Build.0 = Release|x86
		{0D2A4305-81AB-4650-BFA2-C5A08266584E}.Release|iPhoneSimulator.Deploy.0 = Release|x86
		{0D2A4305-81AB-4650-BFA2-C5A08266584E}.Release|x64.ActiveCfg = Release|x64
		{0D2A4305-81AB-4650-BFA2-C5A08266584E}.Release|x64.Build.0 = Release|x64
		{0D2A4305-81AB-4650-BFA2-C5A08266584E}.Release|x64.Deploy.0 = Release|x64
		{0D2A4305-81AB-4650-BFA2-C5A08266584E}.Release|x86.ActiveCfg = Release|x86
		{0D2A4305-81AB-4650-BFA2-C5A08266584E}.Release|x86.Build.0 = Release|x86
		{0D2A4305-81AB-4650-BFA2-C5A08266584E}.Release|x86.Deploy.0 = Release|x86
		{E907C5C7-EE59-46A9-82CF-B520602D6BAC}.Debug|Any CPU.ActiveCfg = Debug|Any CPU
		{E907C5C7-EE59-46A9-82CF-B520602D6BAC}.Debug|Any CPU.Build.0 = Debug|Any CPU
		{E907C5C7-EE59-46A9-82CF-B520602D6BAC}.Debug|Any CPU.Deploy.0 = Debug|Any CPU
		{E907C5C7-EE59-46A9-82CF-B520602D6BAC}.Debug|ARM.ActiveCfg = Debug|Any CPU
		{E907C5C7-EE59-46A9-82CF-B520602D6BAC}.Debug|ARM.Build.0 = Debug|Any CPU
		{E907C5C7-EE59-46A9-82CF-B520602D6BAC}.Debug|ARM.Deploy.0 = Debug|Any CPU
		{E907C5C7-EE59-46A9-82CF-B520602D6BAC}.Debug|iPhone.ActiveCfg = Debug|Any CPU
		{E907C5C7-EE59-46A9-82CF-B520602D6BAC}.Debug|iPhone.Build.0 = Debug|Any CPU
		{E907C5C7-EE59-46A9-82CF-B520602D6BAC}.Debug|iPhone.Deploy.0 = Debug|Any CPU
		{E907C5C7-EE59-46A9-82CF-B520602D6BAC}.Debug|iPhoneSimulator.ActiveCfg = Debug|Any CPU
		{E907C5C7-EE59-46A9-82CF-B520602D6BAC}.Debug|iPhoneSimulator.Build.0 = Debug|Any CPU
		{E907C5C7-EE59-46A9-82CF-B520602D6BAC}.Debug|iPhoneSimulator.Deploy.0 = Debug|Any CPU
		{E907C5C7-EE59-46A9-82CF-B520602D6BAC}.Debug|x64.ActiveCfg = Debug|Any CPU
		{E907C5C7-EE59-46A9-82CF-B520602D6BAC}.Debug|x64.Build.0 = Debug|Any CPU
		{E907C5C7-EE59-46A9-82CF-B520602D6BAC}.Debug|x64.Deploy.0 = Debug|Any CPU
		{E907C5C7-EE59-46A9-82CF-B520602D6BAC}.Debug|x86.ActiveCfg = Debug|Any CPU
		{E907C5C7-EE59-46A9-82CF-B520602D6BAC}.Debug|x86.Build.0 = Debug|Any CPU
		{E907C5C7-EE59-46A9-82CF-B520602D6BAC}.Debug|x86.Deploy.0 = Debug|Any CPU
		{E907C5C7-EE59-46A9-82CF-B520602D6BAC}.Release|Any CPU.ActiveCfg = Release|Any CPU
		{E907C5C7-EE59-46A9-82CF-B520602D6BAC}.Release|Any CPU.Build.0 = Release|Any CPU
		{E907C5C7-EE59-46A9-82CF-B520602D6BAC}.Release|Any CPU.Deploy.0 = Release|Any CPU
		{E907C5C7-EE59-46A9-82CF-B520602D6BAC}.Release|ARM.ActiveCfg = Release|Any CPU
		{E907C5C7-EE59-46A9-82CF-B520602D6BAC}.Release|ARM.Build.0 = Release|Any CPU
		{E907C5C7-EE59-46A9-82CF-B520602D6BAC}.Release|ARM.Deploy.0 = Release|Any CPU
		{E907C5C7-EE59-46A9-82CF-B520602D6BAC}.Release|iPhone.ActiveCfg = Release|Any CPU
		{E907C5C7-EE59-46A9-82CF-B520602D6BAC}.Release|iPhone.Build.0 = Release|Any CPU
		{E907C5C7-EE59-46A9-82CF-B520602D6BAC}.Release|iPhone.Deploy.0 = Release|Any CPU
		{E907C5C7-EE59-46A9-82CF-B520602D6BAC}.Release|iPhoneSimulator.ActiveCfg = Release|Any CPU
		{E907C5C7-EE59-46A9-82CF-B520602D6BAC}.Release|iPhoneSimulator.Build.0 = Release|Any CPU
		{E907C5C7-EE59-46A9-82CF-B520602D6BAC}.Release|iPhoneSimulator.Deploy.0 = Release|Any CPU
		{E907C5C7-EE59-46A9-82CF-B520602D6BAC}.Release|x64.ActiveCfg = Release|Any CPU
		{E907C5C7-EE59-46A9-82CF-B520602D6BAC}.Release|x64.Build.0 = Release|Any CPU
		{E907C5C7-EE59-46A9-82CF-B520602D6BAC}.Release|x64.Deploy.0 = Release|Any CPU
		{E907C5C7-EE59-46A9-82CF-B520602D6BAC}.Release|x86.ActiveCfg = Release|Any CPU
		{E907C5C7-EE59-46A9-82CF-B520602D6BAC}.Release|x86.Build.0 = Release|Any CPU
		{E907C5C7-EE59-46A9-82CF-B520602D6BAC}.Release|x86.Deploy.0 = Release|Any CPU
		{3C9C5A32-B28A-4A3E-8DB7-9AD2C2576BB3}.Debug|Any CPU.ActiveCfg = Debug|iPhone
		{3C9C5A32-B28A-4A3E-8DB7-9AD2C2576BB3}.Debug|Any CPU.Build.0 = Debug|iPhone
		{3C9C5A32-B28A-4A3E-8DB7-9AD2C2576BB3}.Debug|Any CPU.Deploy.0 = Debug|iPhone
		{3C9C5A32-B28A-4A3E-8DB7-9AD2C2576BB3}.Debug|ARM.ActiveCfg = Debug|iPhoneSimulator
		{3C9C5A32-B28A-4A3E-8DB7-9AD2C2576BB3}.Debug|ARM.Build.0 = Debug|iPhoneSimulator
		{3C9C5A32-B28A-4A3E-8DB7-9AD2C2576BB3}.Debug|ARM.Deploy.0 = Debug|iPhoneSimulator
		{3C9C5A32-B28A-4A3E-8DB7-9AD2C2576BB3}.Debug|iPhone.ActiveCfg = Debug|iPhone
		{3C9C5A32-B28A-4A3E-8DB7-9AD2C2576BB3}.Debug|iPhone.Build.0 = Debug|iPhone
		{3C9C5A32-B28A-4A3E-8DB7-9AD2C2576BB3}.Debug|iPhone.Deploy.0 = Debug|iPhone
		{3C9C5A32-B28A-4A3E-8DB7-9AD2C2576BB3}.Debug|iPhoneSimulator.ActiveCfg = Debug|iPhoneSimulator
		{3C9C5A32-B28A-4A3E-8DB7-9AD2C2576BB3}.Debug|iPhoneSimulator.Build.0 = Debug|iPhoneSimulator
		{3C9C5A32-B28A-4A3E-8DB7-9AD2C2576BB3}.Debug|iPhoneSimulator.Deploy.0 = Debug|iPhoneSimulator
		{3C9C5A32-B28A-4A3E-8DB7-9AD2C2576BB3}.Debug|x64.ActiveCfg = Debug|iPhone
		{3C9C5A32-B28A-4A3E-8DB7-9AD2C2576BB3}.Debug|x64.Build.0 = Debug|iPhone
		{3C9C5A32-B28A-4A3E-8DB7-9AD2C2576BB3}.Debug|x64.Deploy.0 = Debug|iPhone
		{3C9C5A32-B28A-4A3E-8DB7-9AD2C2576BB3}.Debug|x86.ActiveCfg = Debug|iPhone
		{3C9C5A32-B28A-4A3E-8DB7-9AD2C2576BB3}.Debug|x86.Build.0 = Debug|iPhone
		{3C9C5A32-B28A-4A3E-8DB7-9AD2C2576BB3}.Debug|x86.Deploy.0 = Debug|iPhone
		{3C9C5A32-B28A-4A3E-8DB7-9AD2C2576BB3}.Release|Any CPU.ActiveCfg = Release|iPhone
		{3C9C5A32-B28A-4A3E-8DB7-9AD2C2576BB3}.Release|Any CPU.Build.0 = Release|iPhone
		{3C9C5A32-B28A-4A3E-8DB7-9AD2C2576BB3}.Release|Any CPU.Deploy.0 = Release|iPhone
		{3C9C5A32-B28A-4A3E-8DB7-9AD2C2576BB3}.Release|ARM.ActiveCfg = Release|iPhone
		{3C9C5A32-B28A-4A3E-8DB7-9AD2C2576BB3}.Release|ARM.Build.0 = Release|iPhone
		{3C9C5A32-B28A-4A3E-8DB7-9AD2C2576BB3}.Release|ARM.Deploy.0 = Release|iPhone
		{3C9C5A32-B28A-4A3E-8DB7-9AD2C2576BB3}.Release|iPhone.ActiveCfg = Release|iPhone
		{3C9C5A32-B28A-4A3E-8DB7-9AD2C2576BB3}.Release|iPhone.Build.0 = Release|iPhone
		{3C9C5A32-B28A-4A3E-8DB7-9AD2C2576BB3}.Release|iPhone.Deploy.0 = Release|iPhone
		{3C9C5A32-B28A-4A3E-8DB7-9AD2C2576BB3}.Release|iPhoneSimulator.ActiveCfg = Release|iPhoneSimulator
		{3C9C5A32-B28A-4A3E-8DB7-9AD2C2576BB3}.Release|iPhoneSimulator.Build.0 = Release|iPhoneSimulator
		{3C9C5A32-B28A-4A3E-8DB7-9AD2C2576BB3}.Release|iPhoneSimulator.Deploy.0 = Release|iPhoneSimulator
		{3C9C5A32-B28A-4A3E-8DB7-9AD2C2576BB3}.Release|x64.ActiveCfg = Release|iPhone
		{3C9C5A32-B28A-4A3E-8DB7-9AD2C2576BB3}.Release|x64.Build.0 = Release|iPhone
		{3C9C5A32-B28A-4A3E-8DB7-9AD2C2576BB3}.Release|x64.Deploy.0 = Release|iPhone
		{3C9C5A32-B28A-4A3E-8DB7-9AD2C2576BB3}.Release|x86.ActiveCfg = Release|iPhone
		{3C9C5A32-B28A-4A3E-8DB7-9AD2C2576BB3}.Release|x86.Build.0 = Release|iPhone
		{3C9C5A32-B28A-4A3E-8DB7-9AD2C2576BB3}.Release|x86.Deploy.0 = Release|iPhone
		{79CD5E3F-7985-4E1A-83EE-059C6264E8FD}.Debug|Any CPU.ActiveCfg = Debug|Any CPU
		{79CD5E3F-7985-4E1A-83EE-059C6264E8FD}.Debug|Any CPU.Build.0 = Debug|Any CPU
		{79CD5E3F-7985-4E1A-83EE-059C6264E8FD}.Debug|Any CPU.Deploy.0 = Debug|Any CPU
		{79CD5E3F-7985-4E1A-83EE-059C6264E8FD}.Debug|ARM.ActiveCfg = Debug|Any CPU
		{79CD5E3F-7985-4E1A-83EE-059C6264E8FD}.Debug|ARM.Build.0 = Debug|Any CPU
		{79CD5E3F-7985-4E1A-83EE-059C6264E8FD}.Debug|ARM.Deploy.0 = Debug|Any CPU
		{79CD5E3F-7985-4E1A-83EE-059C6264E8FD}.Debug|iPhone.ActiveCfg = Debug|Any CPU
		{79CD5E3F-7985-4E1A-83EE-059C6264E8FD}.Debug|iPhone.Build.0 = Debug|Any CPU
		{79CD5E3F-7985-4E1A-83EE-059C6264E8FD}.Debug|iPhone.Deploy.0 = Debug|Any CPU
		{79CD5E3F-7985-4E1A-83EE-059C6264E8FD}.Debug|iPhoneSimulator.ActiveCfg = Debug|Any CPU
		{79CD5E3F-7985-4E1A-83EE-059C6264E8FD}.Debug|iPhoneSimulator.Build.0 = Debug|Any CPU
		{79CD5E3F-7985-4E1A-83EE-059C6264E8FD}.Debug|iPhoneSimulator.Deploy.0 = Debug|Any CPU
		{79CD5E3F-7985-4E1A-83EE-059C6264E8FD}.Debug|x64.ActiveCfg = Debug|Any CPU
		{79CD5E3F-7985-4E1A-83EE-059C6264E8FD}.Debug|x64.Build.0 = Debug|Any CPU
		{79CD5E3F-7985-4E1A-83EE-059C6264E8FD}.Debug|x64.Deploy.0 = Debug|Any CPU
		{79CD5E3F-7985-4E1A-83EE-059C6264E8FD}.Debug|x86.ActiveCfg = Debug|Any CPU
		{79CD5E3F-7985-4E1A-83EE-059C6264E8FD}.Debug|x86.Build.0 = Debug|Any CPU
		{79CD5E3F-7985-4E1A-83EE-059C6264E8FD}.Debug|x86.Deploy.0 = Debug|Any CPU
		{79CD5E3F-7985-4E1A-83EE-059C6264E8FD}.Release|Any CPU.ActiveCfg = Release|Any CPU
		{79CD5E3F-7985-4E1A-83EE-059C6264E8FD}.Release|Any CPU.Build.0 = Release|Any CPU
		{79CD5E3F-7985-4E1A-83EE-059C6264E8FD}.Release|Any CPU.Deploy.0 = Release|Any CPU
		{79CD5E3F-7985-4E1A-83EE-059C6264E8FD}.Release|ARM.ActiveCfg = Release|Any CPU
		{79CD5E3F-7985-4E1A-83EE-059C6264E8FD}.Release|ARM.Build.0 = Release|Any CPU
		{79CD5E3F-7985-4E1A-83EE-059C6264E8FD}.Release|ARM.Deploy.0 = Release|Any CPU
		{79CD5E3F-7985-4E1A-83EE-059C6264E8FD}.Release|iPhone.ActiveCfg = Release|Any CPU
		{79CD5E3F-7985-4E1A-83EE-059C6264E8FD}.Release|iPhone.Build.0 = Release|Any CPU
		{79CD5E3F-7985-4E1A-83EE-059C6264E8FD}.Release|iPhone.Deploy.0 = Release|Any CPU
		{79CD5E3F-7985-4E1A-83EE-059C6264E8FD}.Release|iPhoneSimulator.ActiveCfg = Release|Any CPU
		{79CD5E3F-7985-4E1A-83EE-059C6264E8FD}.Release|iPhoneSimulator.Build.0 = Release|Any CPU
		{79CD5E3F-7985-4E1A-83EE-059C6264E8FD}.Release|iPhoneSimulator.Deploy.0 = Release|Any CPU
		{79CD5E3F-7985-4E1A-83EE-059C6264E8FD}.Release|x64.ActiveCfg = Release|Any CPU
		{79CD5E3F-7985-4E1A-83EE-059C6264E8FD}.Release|x64.Build.0 = Release|Any CPU
		{79CD5E3F-7985-4E1A-83EE-059C6264E8FD}.Release|x64.Deploy.0 = Release|Any CPU
		{79CD5E3F-7985-4E1A-83EE-059C6264E8FD}.Release|x86.ActiveCfg = Release|Any CPU
		{79CD5E3F-7985-4E1A-83EE-059C6264E8FD}.Release|x86.Build.0 = Release|Any CPU
		{79CD5E3F-7985-4E1A-83EE-059C6264E8FD}.Release|x86.Deploy.0 = Release|Any CPU
	EndGlobalSection
	GlobalSection(SolutionProperties) = preSolution
		HideSolutionNode = FALSE
	EndGlobalSection
	GlobalSection(ExtensibilityGlobals) = postSolution
		SolutionGuid = {B8C7A9E5-A5D2-479A-8895-04258ED80015}
	EndGlobalSection
EndGlobal
